
Microsoft Visual Studio Solution File, Format Version 12.00
# Visual Studio 15
VisualStudioVersion = 15.0.27703.2000
MinimumVisualStudioVersion = 10.0.40219.1
Project("{FAE04EC0-301F-11D3-BF4B-00C04F79EFBC}") = "CapStone_6", "CapStone_6\CapStone_6.csproj", "{9124B60D-EB82-447C-952A-CFB4523E8696}"
EndProject
Global
	GlobalSection(SolutionConfigurationPlatforms) = preSolution
		Debug|Any CPU = Debug|Any CPU
		Release|Any CPU = Release|Any CPU
	EndGlobalSection
	GlobalSection(ProjectConfigurationPlatforms) = postSolution
		{9124B60D-EB82-447C-952A-CFB4523E8696}.Debug|Any CPU.ActiveCfg = Debug|Any CPU
		{9124B60D-EB82-447C-952A-CFB4523E8696}.Debug|Any CPU.Build.0 = Debug|Any CPU
		{9124B60D-EB82-447C-952A-CFB4523E8696}.Release|Any CPU.ActiveCfg = Release|Any CPU
		{9124B60D-EB82-447C-952A-CFB4523E8696}.Release|Any CPU.Build.0 = Release|Any CPU
	EndGlobalSection
	GlobalSection(SolutionProperties) = preSolution
		HideSolutionNode = FALSE
	EndGlobalSection
	GlobalSection(ExtensibilityGlobals) = postSolution
		SolutionGuid = {C7459E37-EA82-4356-A89B-A21C5A5429DB}
	EndGlobalSection
EndGlobal
